{
  "name": "jcanvas-panzoom-demo",
  "version": "1.0.0",
  "lockfileVersion": 1,
  "requires": true,
  "dependencies": {
    "jcanvas": {
      "version": "20.2.0",
      "resolved": "https://registry.npmjs.org/jcanvas/-/jcanvas-20.2.0.tgz",
      "integrity": "sha512-XBQZ+r8WX6ehmhM9c86kbr1oFZtxTIwQ8cWyf7j31aklFzoCHhBNdpgjAe8qfbiy40R8lFsdZlCRHz7fW58BKw==",
      "requires": {
        "jquery": "2.2.4"
      },
      "dependencies": {
        "jquery": {
          "version": "2.2.4",
          "resolved": "https://registry.npmjs.org/jquery/-/jquery-2.2.4.tgz",
          "integrity": "sha1-LInWiJterFIqfuoywUUhVZxsvwI="
        }
      }
    },
    "jquery": {
      "version": "3.3.1",
      "resolved": "https://registry.npmjs.org/jquery/-/jquery-3.3.1.tgz",
      "integrity": "sha512-Ubldcmxp5np52/ENotGxlLe6aGMvmF4R8S6tZjsP6Knsaxd/xp3Zrh50cG93lR6nPXyUFwzN3ZSOQI0wRJNdGg=="
    }
  }
}
